
Microsoft Visual Studio Solution File, Format Version 12.00
# Visual Studio Version 16
VisualStudioVersion = 16.0.31515.178
MinimumVisualStudioVersion = 10.0.40219.1
Project("{FAE04EC0-301F-11D3-BF4B-00C04F79EFBC}") = "TestForN", "TestForN.csproj", "{510740A8-1BCA-4640-BEC5-2DD97EC64716}"
EndProject
Global
	GlobalSection(SolutionConfigurationPlatforms) = preSolution
		Debug|Any CPU = Debug|Any CPU
		Release|Any CPU = Release|Any CPU
	EndGlobalSection
	GlobalSection(ProjectConfigurationPlatforms) = postSolution
		{510740A8-1BCA-4640-BEC5-2DD97EC64716}.Debug|Any CPU.ActiveCfg = Debug|Any CPU
		{510740A8-1BCA-4640-BEC5-2DD97EC64716}.Debug|Any CPU.Build.0 = Debug|Any CPU
		{510740A8-1BCA-4640-BEC5-2DD97EC64716}.Release|Any CPU.ActiveCfg = Release|Any CPU
		{510740A8-1BCA-4640-BEC5-2DD97EC64716}.Release|Any CPU.Build.0 = Release|Any CPU
	EndGlobalSection
	GlobalSection(SolutionProperties) = preSolution
		HideSolutionNode = FALSE
	EndGlobalSection
	GlobalSection(ExtensibilityGlobals) = postSolution
		SolutionGuid = {0D3AC7C6-4582-480C-86AE-90B4A8E038AB}
	EndGlobalSection
EndGlobal
